
Microsoft Visual Studio Solution File, Format Version 12.00
# Visual Studio Version 16
VisualStudioVersion = 16.0.30002.166
MinimumVisualStudioVersion = 10.0.40219.1
Project("{9A19103F-16F7-4668-BE54-9A1E7A4F7556}") = "01. Bombs", "01 Bombs\01. Bombs.csproj", "{E4DE1D11-85A1-4D66-8DE9-BE6651DFF455}"
EndProject
Project("{9A19103F-16F7-4668-BE54-9A1E7A4F7556}") = "Parking", "Parking\Parking.csproj", "{07821F64-8032-4E70-A326-75DF3EC8D9F4}"
EndProject
Project("{9A19103F-16F7-4668-BE54-9A1E7A4F7556}") = "02. Snake", "Snake\02. Snake.csproj", "{3A45ED88-BE05-496E-A554-B30E8C878617}"
EndProject
Global
	GlobalSection(SolutionConfigurationPlatforms) = preSolution
		Debug|Any CPU = Debug|Any CPU
		Release|Any CPU = Release|Any CPU
	EndGlobalSection
	GlobalSection(ProjectConfigurationPlatforms) = postSolution
		{E4DE1D11-85A1-4D66-8DE9-BE6651DFF455}.Debug|Any CPU.ActiveCfg = Debug|Any CPU
		{E4DE1D11-85A1-4D66-8DE9-BE6651DFF455}.Debug|Any CPU.Build.0 = Debug|Any CPU
		{E4DE1D11-85A1-4D66-8DE9-BE6651DFF455}.Release|Any CPU.ActiveCfg = Release|Any CPU
		{E4DE1D11-85A1-4D66-8DE9-BE6651DFF455}.Release|Any CPU.Build.0 = Release|Any CPU
		{07821F64-8032-4E70-A326-75DF3EC8D9F4}.Debug|Any CPU.ActiveCfg = Debug|Any CPU
		{07821F64-8032-4E70-A326-75DF3EC8D9F4}.Debug|Any CPU.Build.0 = Debug|Any CPU
		{07821F64-8032-4E70-A326-75DF3EC8D9F4}.Release|Any CPU.ActiveCfg = Release|Any CPU
		{07821F64-8032-4E70-A326-75DF3EC8D9F4}.Release|Any CPU.Build.0 = Release|Any CPU
		{3A45ED88-BE05-496E-A554-B30E8C878617}.Debug|Any CPU.ActiveCfg = Debug|Any CPU
		{3A45ED88-BE05-496E-A554-B30E8C878617}.Debug|Any CPU.Build.0 = Debug|Any CPU
		{3A45ED88-BE05-496E-A554-B30E8C878617}.Release|Any CPU.ActiveCfg = Release|Any CPU
		{3A45ED88-BE05-496E-A554-B30E8C878617}.Release|Any CPU.Build.0 = Release|Any CPU
	EndGlobalSection
	GlobalSection(SolutionProperties) = preSolution
		HideSolutionNode = FALSE
	EndGlobalSection
	GlobalSection(ExtensibilityGlobals) = postSolution
		SolutionGuid = {A532A88B-EDE9-41E8-99F5-E25199758075}
	EndGlobalSection
EndGlobal
