
Microsoft Visual Studio Solution File, Format Version 12.00
# Visual Studio Version 16
VisualStudioVersion = 16.0.30002.166
MinimumVisualStudioVersion = 10.0.40219.1
Project("{9A19103F-16F7-4668-BE54-9A1E7A4F7556}") = "01 Lootbox", "01 Lootbox\01 Lootbox.csproj", "{99A98A0B-DD58-439F-9C01-76B6AA934EC3}"
EndProject
Project("{9A19103F-16F7-4668-BE54-9A1E7A4F7556}") = "02 Re-Volt", "02 Re-Volt\02 Re-Volt.csproj", "{71EE145C-32F0-41F4-B8AA-60DB58629ADF}"
EndProject
Project("{FAE04EC0-301F-11D3-BF4B-00C04F79EFBC}") = "Guild", "Guild\Guild.csproj", "{6280B8D6-1CF4-47D4-B5D6-0383B7BB4B11}"
EndProject
Global
	GlobalSection(SolutionConfigurationPlatforms) = preSolution
		Debug|Any CPU = Debug|Any CPU
		Release|Any CPU = Release|Any CPU
	EndGlobalSection
	GlobalSection(ProjectConfigurationPlatforms) = postSolution
		{99A98A0B-DD58-439F-9C01-76B6AA934EC3}.Debug|Any CPU.ActiveCfg = Debug|Any CPU
		{99A98A0B-DD58-439F-9C01-76B6AA934EC3}.Debug|Any CPU.Build.0 = Debug|Any CPU
		{99A98A0B-DD58-439F-9C01-76B6AA934EC3}.Release|Any CPU.ActiveCfg = Release|Any CPU
		{99A98A0B-DD58-439F-9C01-76B6AA934EC3}.Release|Any CPU.Build.0 = Release|Any CPU
		{71EE145C-32F0-41F4-B8AA-60DB58629ADF}.Debug|Any CPU.ActiveCfg = Debug|Any CPU
		{71EE145C-32F0-41F4-B8AA-60DB58629ADF}.Debug|Any CPU.Build.0 = Debug|Any CPU
		{71EE145C-32F0-41F4-B8AA-60DB58629ADF}.Release|Any CPU.ActiveCfg = Release|Any CPU
		{71EE145C-32F0-41F4-B8AA-60DB58629ADF}.Release|Any CPU.Build.0 = Release|Any CPU
		{6280B8D6-1CF4-47D4-B5D6-0383B7BB4B11}.Debug|Any CPU.ActiveCfg = Debug|Any CPU
		{6280B8D6-1CF4-47D4-B5D6-0383B7BB4B11}.Debug|Any CPU.Build.0 = Debug|Any CPU
		{6280B8D6-1CF4-47D4-B5D6-0383B7BB4B11}.Release|Any CPU.ActiveCfg = Release|Any CPU
		{6280B8D6-1CF4-47D4-B5D6-0383B7BB4B11}.Release|Any CPU.Build.0 = Release|Any CPU
	EndGlobalSection
	GlobalSection(SolutionProperties) = preSolution
		HideSolutionNode = FALSE
	EndGlobalSection
	GlobalSection(ExtensibilityGlobals) = postSolution
		SolutionGuid = {FA0D1958-6463-4EDB-899A-8389C6710BC6}
	EndGlobalSection
EndGlobal
